
Microsoft Visual Studio Solution File, Format Version 12.00
Project("{FAE04EC0-301F-11D3-BF4B-00C04F79EFBC}") = "AspNetCoreRedis", "AspNetCoreRedis\AspNetCoreRedis.csproj", "{E127F7A8-C7FF-4E6B-BFBD-4864F23C4591}"
EndProject
Project("{2150E333-8FDC-42A3-9474-1A3956D46DE8}") = "Solution Items", "Solution Items", "{5DAF0404-518E-46DC-9180-CD7E83D3639F}"
EndProject
Global
	GlobalSection(SolutionConfigurationPlatforms) = preSolution
		Debug|Any CPU = Debug|Any CPU
		Release|Any CPU = Release|Any CPU
	EndGlobalSection
	GlobalSection(ProjectConfigurationPlatforms) = postSolution
		{E127F7A8-C7FF-4E6B-BFBD-4864F23C4591}.Debug|Any CPU.ActiveCfg = Debug|Any CPU
		{E127F7A8-C7FF-4E6B-BFBD-4864F23C4591}.Debug|Any CPU.Build.0 = Debug|Any CPU
		{E127F7A8-C7FF-4E6B-BFBD-4864F23C4591}.Release|Any CPU.ActiveCfg = Release|Any CPU
		{E127F7A8-C7FF-4E6B-BFBD-4864F23C4591}.Release|Any CPU.Build.0 = Release|Any CPU
	EndGlobalSection
EndGlobal
